
Microsoft Visual Studio Solution File, Format Version 12.00
# Visual Studio Version 16
VisualStudioVersion = 16.0.30517.126
MinimumVisualStudioVersion = 10.0.40219.1
Project("{8BC9CEB8-8B4A-11D0-8D11-00A0C91BC942}") = "BeijingSubwayInfoSystenApplication", "BeijingSubwayInfoSystenApplication.vcxproj", "{C8FFADD9-6F86-442D-8B70-C98FC5D3F32F}"
EndProject
Global
	GlobalSection(SolutionConfigurationPlatforms) = preSolution
		Debug|x64 = Debug|x64
		Release|x64 = Release|x64
	EndGlobalSection
	GlobalSection(ProjectConfigurationPlatforms) = postSolution
		{C8FFADD9-6F86-442D-8B70-C98FC5D3F32F}.Debug|x64.ActiveCfg = Debug|x64
		{C8FFADD9-6F86-442D-8B70-C98FC5D3F32F}.Debug|x64.Build.0 = Debug|x64
		{C8FFADD9-6F86-442D-8B70-C98FC5D3F32F}.Release|x64.ActiveCfg = Release|x64
		{C8FFADD9-6F86-442D-8B70-C98FC5D3F32F}.Release|x64.Build.0 = Release|x64
	EndGlobalSection
	GlobalSection(SolutionProperties) = preSolution
		HideSolutionNode = FALSE
	EndGlobalSection
	GlobalSection(ExtensibilityGlobals) = postSolution
		SolutionGuid = {1A6D0CD7-CB75-418C-993D-B2E46DEE4581}
	EndGlobalSection
EndGlobal
